
Microsoft Visual Studio Solution File, Format Version 11.00
# Visual Studio 2010
Project("{8BC9CEB8-8B4A-11D0-8D11-00A0C91BC942}") = "crontab", "crontab.vcxproj", "{BE878118-5526-730E-2307-8B5E029C4F75}"
EndProject
Project("{8BC9CEB8-8B4A-11D0-8D11-00A0C91BC942}") = "CronConf", "CronConf.vcxproj", "{B792E4C4-0C00-49EF-A633-4D259CF4B914}"
EndProject
Global
	GlobalSection(SolutionConfigurationPlatforms) = preSolution
		Debug|Win32 = Debug|Win32
		Debug|x64 = Debug|x64
		Release|Win32 = Release|Win32
		Release|x64 = Release|x64
	EndGlobalSection
	GlobalSection(ProjectConfigurationPlatforms) = postSolution
		{BE878118-5526-730E-2307-8B5E029C4F75}.Debug|Win32.ActiveCfg = Debug|Win32
		{BE878118-5526-730E-2307-8B5E029C4F75}.Debug|Win32.Build.0 = Debug|Win32
		{BE878118-5526-730E-2307-8B5E029C4F75}.Debug|x64.ActiveCfg = Debug|x64
		{BE878118-5526-730E-2307-8B5E029C4F75}.Debug|x64.Build.0 = Debug|x64
		{BE878118-5526-730E-2307-8B5E029C4F75}.Release|Win32.ActiveCfg = Release|Win32
		{BE878118-5526-730E-2307-8B5E029C4F75}.Release|Win32.Build.0 = Release|Win32
		{BE878118-5526-730E-2307-8B5E029C4F75}.Release|x64.ActiveCfg = Release|x64
		{BE878118-5526-730E-2307-8B5E029C4F75}.Release|x64.Build.0 = Release|x64
		{B792E4C4-0C00-49EF-A633-4D259CF4B914}.Debug|Win32.ActiveCfg = Debug|Win32
		{B792E4C4-0C00-49EF-A633-4D259CF4B914}.Debug|Win32.Build.0 = Debug|Win32
		{B792E4C4-0C00-49EF-A633-4D259CF4B914}.Debug|x64.ActiveCfg = Debug|x64
		{B792E4C4-0C00-49EF-A633-4D259CF4B914}.Debug|x64.Build.0 = Debug|x64
		{B792E4C4-0C00-49EF-A633-4D259CF4B914}.Release|Win32.ActiveCfg = Release|Win32
		{B792E4C4-0C00-49EF-A633-4D259CF4B914}.Release|Win32.Build.0 = Release|Win32
		{B792E4C4-0C00-49EF-A633-4D259CF4B914}.Release|x64.ActiveCfg = Release|x64
		{B792E4C4-0C00-49EF-A633-4D259CF4B914}.Release|x64.Build.0 = Release|x64
	EndGlobalSection
	GlobalSection(SolutionProperties) = preSolution
		HideSolutionNode = FALSE
	EndGlobalSection
EndGlobal
